// !$*UTF8*$!
{
	archiveVersion = 1;
	classes = {
	};
	objectVersion = 46;
	objects = {

/* Begin PBXBuildFile section */
		266E880D1F7C5508007E92BD /* Meme.swift in Sources */ = {isa = PBXBuildFile; fileRef = 266E880C1F7C5508007E92BD /* Meme.swift */; settings = {ASSET_TAGS = (); }; };
		266E880F1F7C74A3007E92BD /* MemeCollectionViewController.swift in Sources */ = {isa = PBXBuildFile; fileRef = 266E880E1F7C74A2007E92BD /* MemeCollectionViewController.swift */; settings = {ASSET_TAGS = (); }; };
		266E88111F7C7683007E92BD /* MemeCollectionViewCell.swift in Sources */ = {isa = PBXBuildFile; fileRef = 266E88101F7C7683007E92BD /* MemeCollectionViewCell.swift */; settings = {ASSET_TAGS = (); }; };
		266E88131F7C7AB0007E92BD /* MemeTableViewController.swift in Sources */ = {isa = PBXBuildFile; fileRef = 266E88121F7C7AB0007E92BD /* MemeTableViewController.swift */; settings = {ASSET_TAGS = (); }; };
		26C532571F75DF28009CF1E6 /* AppDelegate.swift in Sources */ = {isa = PBXBuildFile; fileRef = 26C532561F75DF28009CF1E6 /* AppDelegate.swift */; };
		26C532591F75DF28009CF1E6 /* ViewController.swift in Sources */ = {isa = PBXBuildFile; fileRef = 26C532581F75DF28009CF1E6 /* ViewController.swift */; };
		26C5325C1F75DF28009CF1E6 /* Main.storyboard in Resources */ = {isa = PBXBuildFile; fileRef = 26C5325A1F75DF28009CF1E6 /* Main.storyboard */; };
		26C5325E1F75DF28009CF1E6 /* Assets.xcassets in Resources */ = {isa = PBXBuildFile; fileRef = 26C5325D1F75DF28009CF1E6 /* Assets.xcassets */; };
		26C532611F75DF28009CF1E6 /* LaunchScreen.storyboard in Resources */ = {isa = PBXBuildFile; fileRef = 26C5325F1F75DF28009CF1E6 /* LaunchScreen.storyboard */; };
/* End PBXBuildFile section */

/* Begin PBXFileReference section */
		266E880C1F7C5508007E92BD /* Meme.swift */ = {isa = PBXFileReference; fileEncoding = 4; lastKnownFileType = sourcecode.swift; path = Meme.swift; sourceTree = "<group>"; };
		266E880E1F7C74A2007E92BD /* MemeCollectionViewController.swift */ = {isa = PBXFileReference; fileEncoding = 4; lastKnownFileType = sourcecode.swift; path = MemeCollectionViewController.swift; sourceTree = "<group>"; };
		266E88101F7C7683007E92BD /* MemeCollectionViewCell.swift */ = {isa = PBXFileReference; fileEncoding = 4; lastKnownFileType = sourcecode.swift; path = MemeCollectionViewCell.swift; sourceTree = "<group>"; };
		266E88121F7C7AB0007E92BD /* MemeTableViewController.swift */ = {isa = PBXFileReference; fileEncoding = 4; lastKnownFileType = sourcecode.swift; path = MemeTableViewController.swift; sourceTree = "<group>"; };
		26C532531F75DF28009CF1E6 /* MemeMeV1.app */ = {isa = PBXFileReference; explicitFileType = wrapper.application; includeInIndex = 0; path = MemeMeV1.app; sourceTree = BUILT_PRODUCTS_DIR; };
		26C532561F75DF28009CF1E6 /* AppDelegate.swift */ = {isa = PBXFileReference; lastKnownFileType = sourcecode.swift; path = AppDelegate.swift; sourceTree = "<group>"; };
		26C532581F75DF28009CF1E6 /* ViewController.swift */ = {isa = PBXFileReference; lastKnownFileType = sourcecode.swift; path = ViewController.swift; sourceTree = "<group>"; };
		26C5325B1F75DF28009CF1E6 /* Base */ = {isa = PBXFileReference; lastKnownFileType = file.storyboard; name = Base; path = Base.lproj/Main.storyboard; sourceTree = "<group>"; };
		26C5325D1F75DF28009CF1E6 /* Assets.xcassets */ = {isa = PBXFileReference; lastKnownFileType = folder.assetcatalog; path = Assets.xcassets; sourceTree = "<group>"; };
		26C532601F75DF28009CF1E6 /* Base */ = {isa = PBXFileReference; lastKnownFileType = file.storyboard; name = Base; path = Base.lproj/LaunchScreen.storyboard; sourceTree = "<group>"; };
		26C532621F75DF28009CF1E6 /* Info.plist */ = {isa = PBXFileReference; lastKnownFileType = text.plist.xml; path = Info.plist; sourceTree = "<group>"; };
/* End PBXFileReference section */

/* Begin PBXFrameworksBuildPhase section */
		26C532501F75DF28009CF1E6 /* Frameworks */ = {
			isa = PBXFrameworksBuildPhase;
			buildActionMask = 2147483647;
			files = (
			);
			runOnlyForDeploymentPostprocessing = 0;
		};
/* End PBXFrameworksBuildPhase section */

/* Begin PBXGroup section */
		26C5324A1F75DF28009CF1E6 = {
			isa = PBXGroup;
			children = (
				26C532551F75DF28009CF1E6 /* MemeMeV1 */,
				26C532541F75DF28009CF1E6 /* Products */,
			);
			sourceTree = "<group>";
		};
		26C532541F75DF28009CF1E6 /* Products */ = {
			isa = PBXGroup;
			children = (
				26C532531F75DF28009CF1E6 /* MemeMeV1.app */,
			);
			name = Products;
			sourceTree = "<group>";
		};
		26C532551F75DF28009CF1E6 /* MemeMeV1 */ = {
			isa = PBXGroup;
			children = (
				266E880C1F7C5508007E92BD /* Meme.swift */,
				26C532561F75DF28009CF1E6 /* AppDelegate.swift */,
				266E88101F7C7683007E92BD /* MemeCollectionViewCell.swift */,
				26C532581F75DF28009CF1E6 /* ViewController.swift */,
				26C5325A1F75DF28009CF1E6 /* Main.storyboard */,
				26C5325D1F75DF28009CF1E6 /* Assets.xcassets */,
				26C5325F1F75DF28009CF1E6 /* LaunchScreen.storyboard */,
				26C532621F75DF28009CF1E6 /* Info.plist */,
				266E880E1F7C74A2007E92BD /* MemeCollectionViewController.swift */,
				266E88121F7C7AB0007E92BD /* MemeTableViewController.swift */,
			);
			path = MemeMeV1;
			sourceTree = "<group>";
		};
/* End PBXGroup section */

/* Begin PBXNativeTarget section */
		26C532521F75DF28009CF1E6 /* MemeMeV1 */ = {
			isa = PBXNativeTarget;
			buildConfigurationList = 26C532651F75DF28009CF1E6 /* Build configuration list for PBXNativeTarget "MemeMeV1" */;
			buildPhases = (
				26C5324F1F75DF28009CF1E6 /* Sources */,
				26C532501F75DF28009CF1E6 /* Frameworks */,
				26C532511F75DF28009CF1E6 /* Resources */,
			);
			buildRules = (
			);
			dependencies = (
			);
			name = MemeMeV1;
			productName = MemeMeV1;
			productReference = 26C532531F75DF28009CF1E6 /* MemeMeV1.app */;
			productType = "com.apple.product-type.application";
		};
/* End PBXNativeTarget section */

/* Begin PBXProject section */
		26C5324B1F75DF28009CF1E6 /* Project object */ = {
			isa = PBXProject;
			attributes = {
				LastUpgradeCheck = 0700;
				ORGANIZATIONNAME = OnkySoft;
				TargetAttributes = {
					26C532521F75DF28009CF1E6 = {
						CreatedOnToolsVersion = 7.0;
					};
				};
			};
			buildConfigurationList = 26C5324E1F75DF28009CF1E6 /* Build configuration list for PBXProject "MemeMeV1" */;
			compatibilityVersion = "Xcode 3.2";
			developmentRegion = English;
			hasScannedForEncodings = 0;
			knownRegions = (
				en,
				Base,
			);
			mainGroup = 26C5324A1F75DF28009CF1E6;
			productRefGroup = 26C532541F75DF28009CF1E6 /* Products */;
			projectDirPath = "";
			projectRoot = "";
			targets = (
				26C532521F75DF28009CF1E6 /* MemeMeV1 */,
			);
		};
/* End PBXProject section */

/* Begin PBXResourcesBuildPhase section */
		26C532511F75DF28009CF1E6 /* Resources */ = {
			isa = PBXResourcesBuildPhase;
			buildActionMask = 2147483647;
			files = (
				26C532611F75DF28009CF1E6 /* LaunchScreen.storyboard in Resources */,
				26C5325E1F75DF28009CF1E6 /* Assets.xcassets in Resources */,
				26C5325C1F75DF28009CF1E6 /* Main.storyboard in Resources */,
			);
			runOnlyForDeploymentPostprocessing = 0;
		};
/* End PBXResourcesBuildPhase section */

/* Begin PBXSourcesBuildPhase section */
		26C5324F1F75DF28009CF1E6 /* Sources */ = {
			isa = PBXSourcesBuildPhase;
			buildActionMask = 2147483647;
			files = (
				266E880F1F7C74A3007E92BD /* MemeCollectionViewController.swift in Sources */,
				26C532591F75DF28009CF1E6 /* ViewController.swift in Sources */,
				266E88111F7C7683007E92BD /* MemeCollectionViewCell.swift in Sources */,
				266E88131F7C7AB0007E92BD /* MemeTableViewController.swift in Sources */,
				26C532571F75DF28009CF1E6 /* AppDelegate.swift in Sources */,
				266E880D1F7C5508007E92BD /* Meme.swift in Sources */,
			);
			runOnlyForDeploymentPostprocessing = 0;
		};
/* End PBXSourcesBuildPhase section */

/* Begin PBXVariantGroup section */
		26C5325A1F75DF28009CF1E6 /* Main.storyboard */ = {
			isa = PBXVariantGroup;
			children = (
				26C5325B1F75DF28009CF1E6 /* Base */,
			);
			name = Main.storyboard;
			sourceTree = "<group>";
		};
		26C5325F1F75DF28009CF1E6 /* LaunchScreen.storyboard */ = {
			isa = PBXVariantGroup;
			children = (
				26C532601F75DF28009CF1E6 /* Base */,
			);
			name = LaunchScreen.storyboard;
			sourceTree = "<group>";
		};
/* End PBXVariantGroup section */

/* Begin XCBuildConfiguration section */
		26C532631F75DF28009CF1E6 /* Debug */ = {
			isa = XCBuildConfiguration;
			buildSettings = {
				ALWAYS_SEARCH_USER_PATHS = NO;
				CLANG_CXX_LANGUAGE_STANDARD = "gnu++0x";
				CLANG_CXX_LIBRARY = "libc++";
				CLANG_ENABLE_MODULES = YES;
				CLANG_ENABLE_OBJC_ARC = YES;
				CLANG_WARN_BOOL_CONVERSION = YES;
				CLANG_WARN_CONSTANT_CONVERSION = YES;
				CLANG_WARN_DIRECT_OBJC_ISA_USAGE = YES_ERROR;
				CLANG_WARN_EMPTY_BODY = YES;
				CLANG_WARN_ENUM_CONVERSION = YES;
				CLANG_WARN_INT_CONVERSION = YES;
				CLANG_WARN_OBJC_ROOT_CLASS = YES_ERROR;
				CLANG_WARN_UNREACHABLE_CODE = YES;
				CLANG_WARN__DUPLICATE_METHOD_MATCH = YES;
				"CODE_SIGN_IDENTITY[sdk=iphoneos*]" = "iPhone Developer";
				COPY_PHASE_STRIP = NO;
				DEBUG_INFORMATION_FORMAT = dwarf;
				ENABLE_STRICT_OBJC_MSGSEND = YES;
				ENABLE_TESTABILITY = YES;
				GCC_C_LANGUAGE_STANDARD = gnu99;
				GCC_DYNAMIC_NO_PIC = NO;
				GCC_NO_COMMON_BLOCKS = YES;
				GCC_OPTIMIZATION_LEVEL = 0;
				GCC_PREPROCESSOR_DEFINITIONS = (
					"DEBUG=1",
					"$(inherited)",
				);
				GCC_WARN_64_TO_32_BIT_CONVERSION = YES;
				GCC_WARN_ABOUT_RETURN_TYPE = YES_ERROR;
				GCC_WARN_UNDECLARED_SELECTOR = YES;
				GCC_WARN_UNINITIALIZED_AUTOS = YES_AGGRESSIVE;
				GCC_WARN_UNUSED_FUNCTION = YES;
				GCC_WARN_UNUSED_VARIABLE = YES;
				IPHONEOS_DEPLOYMENT_TARGET = 9.0;
				MTL_ENABLE_DEBUG_INFO = YES;
				ONLY_ACTIVE_ARCH = YES;
				SDKROOT = iphoneos;
				SWIFT_OPTIMIZATION_LEVEL = "-Onone";
				TARGETED_DEVICE_FAMILY = "1,2";
			};
			name = Debug;
		};
		26C532641F75DF28009CF1E6 /* Release */ = {
			isa = XCBuildConfiguration;
			buildSettings = {
				ALWAYS_SEARCH_USER_PATHS = NO;
				CLANG_CXX_LANGUAGE_STANDARD = "gnu++0x";
				CLANG_CXX_LIBRARY = "libc++";
				CLANG_ENABLE_MODULES = YES;
				CLANG_ENABLE_OBJC_ARC = YES;
				CLANG_WARN_BOOL_CONVERSION = YES;
				CLANG_WARN_CONSTANT_CONVERSION = YES;
				CLANG_WARN_DIRECT_OBJC_ISA_USAGE = YES_ERROR;
				CLANG_WARN_EMPTY_BODY = YES;
				CLANG_WARN_ENUM_CONVERSION = YES;
				CLANG_WARN_INT_CONVERSION = YES;
				CLANG_WARN_OBJC_ROOT_CLASS = YES_ERROR;
				CLANG_WARN_UNREACHABLE_CODE = YES;
				CLANG_WARN__DUPLICATE_METHOD_MATCH = YES;
				"CODE_SIGN_IDENTITY[sdk=iphoneos*]" = "iPhone Developer";
				COPY_PHASE_STRIP = NO;
				DEBUG_INFORMATION_FORMAT = "dwarf-with-dsym";
				ENABLE_NS_ASSERTIONS = NO;
				ENABLE_STRICT_OBJC_MSGSEND = YES;
				GCC_C_LANGUAGE_STANDARD = gnu99;
				GCC_NO_COMMON_BLOCKS = YES;
				GCC_WARN_64_TO_32_BIT_CONVERSION = YES;
				GCC_WARN_ABOUT_RETURN_TYPE = YES_ERROR;
				GCC_WARN_UNDECLARED_SELECTOR = YES;
				GCC_WARN_UNINITIALIZED_AUTOS = YES_AGGRESSIVE;
				GCC_WARN_UNUSED_FUNCTION = YES;
				GCC_WARN_UNUSED_VARIABLE = YES;
				IPHONEOS_DEPLOYMENT_TARGET = 9.0;
				MTL_ENABLE_DEBUG_INFO = NO;
				SDKROOT = iphoneos;
				TARGETED_DEVICE_FAMILY = "1,2";
				VALIDATE_PRODUCT = YES;
			};
			name = Release;
		};
		26C532661F75DF28009CF1E6 /* Debug */ = {
			isa = XCBuildConfiguration;
			buildSettings = {
				ASSETCATALOG_COMPILER_APPICON_NAME = AppIcon;
				INFOPLIST_FILE = MemeMeV1/Info.plist;
				LD_RUNPATH_SEARCH_PATHS = "$(inherited) @executable_path/Frameworks";
				PRODUCT_BUNDLE_IDENTIFIER = Onky.MemeMeV1;
				PRODUCT_NAME = "$(TARGET_NAME)";
			};
			name = Debug;
		};
		26C532671F75DF28009CF1E6 /* Release */ = {
			isa = XCBuildConfiguration;
			buildSettings = {
				ASSETCATALOG_COMPILER_APPICON_NAME = AppIcon;
				INFOPLIST_FILE = MemeMeV1/Info.plist;
				LD_RUNPATH_SEARCH_PATHS = "$(inherited) @executable_path/Frameworks";
				PRODUCT_BUNDLE_IDENTIFIER = Onky.MemeMeV1;
				PRODUCT_NAME = "$(TARGET_NAME)";
			};
			name = Release;
		};
/* End XCBuildConfiguration section */

/* Begin XCConfigurationList section */
		26C5324E1F75DF28009CF1E6 /* Build configuration list for PBXProject "MemeMeV1" */ = {
			isa = XCConfigurationList;
			buildConfigurations = (
				26C532631F75DF28009CF1E6 /* Debug */,
				26C532641F75DF28009CF1E6 /* Release */,
			);
			defaultConfigurationIsVisible = 0;
			defaultConfigurationName = Release;
		};
		26C532651F75DF28009CF1E6 /* Build configuration list for PBXNativeTarget "MemeMeV1" */ = {
			isa = XCConfigurationList;
			buildConfigurations = (
				26C532661F75DF28009CF1E6 /* Debug */,
				26C532671F75DF28009CF1E6 /* Release */,
			);
			defaultConfigurationIsVisible = 0;
			defaultConfigurationName = Release;
		};
/* End XCConfigurationList section */
	};
	rootObject = 26C5324B1F75DF28009CF1E6 /* Project object */;
}
